
Microsoft Visual Studio Solution File, Format Version 12.00
# Visual Studio Version 16
VisualStudioVersion = 16.0.30711.63
MinimumVisualStudioVersion = 10.0.40219.1
Project("{2150E333-8FDC-42A3-9474-1A3956D46DE8}") = "Lesson1Examples", "Lesson1Examples", "{F3E2E8AE-22F3-4CEB-BAFE-B83E97AC4829}"
EndProject
Project("{8BC9CEB8-8B4A-11D0-8D11-00A0C91BC942}") = "ex1-1 (class, obj)", "ex1-1\ex1-1.vcxproj", "{7BA31446-E543-46E7-A7DE-A441FBAB82F8}"
EndProject
Project("{8BC9CEB8-8B4A-11D0-8D11-00A0C91BC942}") = "ex1-2 (method, this)", "ex1-2\ex1-2.vcxproj", "{A1C2EB71-D752-44A2-A87C-CD90BB65DD36}"
EndProject
Project("{8BC9CEB8-8B4A-11D0-8D11-00A0C91BC942}") = "ex1-3 (scope operator)", "ex1-3\ex1-3.vcxproj", "{D1550A47-5591-4A8E-9613-74766C6721F2}"
EndProject
Project("{8BC9CEB8-8B4A-11D0-8D11-00A0C91BC942}") = "ex1-4(Data Abstraction)", "ex1-4\ex1-4.vcxproj", "{99A95CFF-9CB1-4719-B331-CCCF7C878BAF}"
EndProject
Project("{2150E333-8FDC-42A3-9474-1A3956D46DE8}") = "Lesson2Examples", "Lesson2Examples", "{822E6692-00B5-419B-B7BB-2943DF9D1D08}"
EndProject
Project("{8BC9CEB8-8B4A-11D0-8D11-00A0C91BC942}") = "ex1-6 (field)", "ex1-6\ex1-6.vcxproj", "{47CA7288-18B7-4B99-BEF6-538F5AE14CC9}"
EndProject
Project("{8BC9CEB8-8B4A-11D0-8D11-00A0C91BC942}") = "ex1-5 (control abstraction)", "ex1-5\ex1-5.vcxproj", "{3BB06810-8286-4C95-9490-600511A09118}"
EndProject
Project("{8BC9CEB8-8B4A-11D0-8D11-00A0C91BC942}") = "ex1-8 (constructor)", "ex1-8\ex1-8.vcxproj", "{5A4F3325-A666-43A6-946A-C4715A8D1E45}"
EndProject
Project("{8BC9CEB8-8B4A-11D0-8D11-00A0C91BC942}") = "ex1-9 (intializer list)", "ex1-9\ex1-9.vcxproj", "{321ACF90-C963-4E14-9FB8-949B9724063F}"
EndProject
Project("{8BC9CEB8-8B4A-11D0-8D11-00A0C91BC942}") = "ex1-7 (include)", "ex1-7\ex1-7 (include).vcxproj", "{56B21877-A09B-4452-9DE9-D718DC1F1B2A}"
EndProject
Project("{8BC9CEB8-8B4A-11D0-8D11-00A0C91BC942}") = "ex1-10 (return object)", "ex1-10\ex1- 1 0.vcxproj", "{6B7626D2-DB90-4386-BB96-73DA0E2EA16F}"
EndProject
Project("{8BC9CEB8-8B4A-11D0-8D11-00A0C91BC942}") = "ex1-11(object in class)", "ex1-11\ex1-1 1.vcxproj", "{74185BA2-B4E0-4C1E-A57E-0E033E08536C}"
EndProject
Global
	GlobalSection(SolutionConfigurationPlatforms) = preSolution
		Debug|x64 = Debug|x64
		Debug|x86 = Debug|x86
		Release|x64 = Release|x64
		Release|x86 = Release|x86
	EndGlobalSection
	GlobalSection(ProjectConfigurationPlatforms) = postSolution
		{7BA31446-E543-46E7-A7DE-A441FBAB82F8}.Debug|x64.ActiveCfg = Debug|x64
		{7BA31446-E543-46E7-A7DE-A441FBAB82F8}.Debug|x64.Build.0 = Debug|x64
		{7BA31446-E543-46E7-A7DE-A441FBAB82F8}.Debug|x86.ActiveCfg = Debug|Win32
		{7BA31446-E543-46E7-A7DE-A441FBAB82F8}.Debug|x86.Build.0 = Debug|Win32
		{7BA31446-E543-46E7-A7DE-A441FBAB82F8}.Release|x64.ActiveCfg = Release|x64
		{7BA31446-E543-46E7-A7DE-A441FBAB82F8}.Release|x64.Build.0 = Release|x64
		{7BA31446-E543-46E7-A7DE-A441FBAB82F8}.Release|x86.ActiveCfg = Release|Win32
		{7BA31446-E543-46E7-A7DE-A441FBAB82F8}.Release|x86.Build.0 = Release|Win32
		{A1C2EB71-D752-44A2-A87C-CD90BB65DD36}.Debug|x64.ActiveCfg = Debug|x64
		{A1C2EB71-D752-44A2-A87C-CD90BB65DD36}.Debug|x64.Build.0 = Debug|x64
		{A1C2EB71-D752-44A2-A87C-CD90BB65DD36}.Debug|x86.ActiveCfg = Debug|Win32
		{A1C2EB71-D752-44A2-A87C-CD90BB65DD36}.Debug|x86.Build.0 = Debug|Win32
		{A1C2EB71-D752-44A2-A87C-CD90BB65DD36}.Release|x64.ActiveCfg = Release|x64
		{A1C2EB71-D752-44A2-A87C-CD90BB65DD36}.Release|x64.Build.0 = Release|x64
		{A1C2EB71-D752-44A2-A87C-CD90BB65DD36}.Release|x86.ActiveCfg = Release|Win32
		{A1C2EB71-D752-44A2-A87C-CD90BB65DD36}.Release|x86.Build.0 = Release|Win32
		{D1550A47-5591-4A8E-9613-74766C6721F2}.Debug|x64.ActiveCfg = Debug|x64
		{D1550A47-5591-4A8E-9613-74766C6721F2}.Debug|x64.Build.0 = Debug|x64
		{D1550A47-5591-4A8E-9613-74766C6721F2}.Debug|x86.ActiveCfg = Debug|Win32
		{D1550A47-5591-4A8E-9613-74766C6721F2}.Debug|x86.Build.0 = Debug|Win32
		{D1550A47-5591-4A8E-9613-74766C6721F2}.Release|x64.ActiveCfg = Release|x64
		{D1550A47-5591-4A8E-9613-74766C6721F2}.Release|x64.Build.0 = Release|x64
		{D1550A47-5591-4A8E-9613-74766C6721F2}.Release|x86.ActiveCfg = Release|Win32
		{D1550A47-5591-4A8E-9613-74766C6721F2}.Release|x86.Build.0 = Release|Win32
		{99A95CFF-9CB1-4719-B331-CCCF7C878BAF}.Debug|x64.ActiveCfg = Debug|x64
		{99A95CFF-9CB1-4719-B331-CCCF7C878BAF}.Debug|x64.Build.0 = Debug|x64
		{99A95CFF-9CB1-4719-B331-CCCF7C878BAF}.Debug|x86.ActiveCfg = Debug|Win32
		{99A95CFF-9CB1-4719-B331-CCCF7C878BAF}.Debug|x86.Build.0 = Debug|Win32
		{99A95CFF-9CB1-4719-B331-CCCF7C878BAF}.Release|x64.ActiveCfg = Release|x64
		{99A95CFF-9CB1-4719-B331-CCCF7C878BAF}.Release|x64.Build.0 = Release|x64
		{99A95CFF-9CB1-4719-B331-CCCF7C878BAF}.Release|x86.ActiveCfg = Release|Win32
		{99A95CFF-9CB1-4719-B331-CCCF7C878BAF}.Release|x86.Build.0 = Release|Win32
		{47CA7288-18B7-4B99-BEF6-538F5AE14CC9}.Debug|x64.ActiveCfg = Debug|x64
		{47CA7288-18B7-4B99-BEF6-538F5AE14CC9}.Debug|x64.Build.0 = Debug|x64
		{47CA7288-18B7-4B99-BEF6-538F5AE14CC9}.Debug|x86.ActiveCfg = Debug|Win32
		{47CA7288-18B7-4B99-BEF6-538F5AE14CC9}.Debug|x86.Build.0 = Debug|Win32
		{47CA7288-18B7-4B99-BEF6-538F5AE14CC9}.Release|x64.ActiveCfg = Release|x64
		{47CA7288-18B7-4B99-BEF6-538F5AE14CC9}.Release|x64.Build.0 = Release|x64
		{47CA7288-18B7-4B99-BEF6-538F5AE14CC9}.Release|x86.ActiveCfg = Release|Win32
		{47CA7288-18B7-4B99-BEF6-538F5AE14CC9}.Release|x86.Build.0 = Release|Win32
		{3BB06810-8286-4C95-9490-600511A09118}.Debug|x64.ActiveCfg = Debug|x64
		{3BB06810-8286-4C95-9490-600511A09118}.Debug|x64.Build.0 = Debug|x64
		{3BB06810-8286-4C95-9490-600511A09118}.Debug|x86.ActiveCfg = Debug|Win32
		{3BB06810-8286-4C95-9490-600511A09118}.Debug|x86.Build.0 = Debug|Win32
		{3BB06810-8286-4C95-9490-600511A09118}.Release|x64.ActiveCfg = Release|x64
		{3BB06810-8286-4C95-9490-600511A09118}.Release|x64.Build.0 = Release|x64
		{3BB06810-8286-4C95-9490-600511A09118}.Release|x86.ActiveCfg = Release|Win32
		{3BB06810-8286-4C95-9490-600511A09118}.Release|x86.Build.0 = Release|Win32
		{5A4F3325-A666-43A6-946A-C4715A8D1E45}.Debug|x64.ActiveCfg = Debug|x64
		{5A4F3325-A666-43A6-946A-C4715A8D1E45}.Debug|x64.Build.0 = Debug|x64
		{5A4F3325-A666-43A6-946A-C4715A8D1E45}.Debug|x86.ActiveCfg = Debug|Win32
		{5A4F3325-A666-43A6-946A-C4715A8D1E45}.Debug|x86.Build.0 = Debug|Win32
		{5A4F3325-A666-43A6-946A-C4715A8D1E45}.Release|x64.ActiveCfg = Release|x64
		{5A4F3325-A666-43A6-946A-C4715A8D1E45}.Release|x64.Build.0 = Release|x64
		{5A4F3325-A666-43A6-946A-C4715A8D1E45}.Release|x86.ActiveCfg = Release|Win32
		{5A4F3325-A666-43A6-946A-C4715A8D1E45}.Release|x86.Build.0 = Release|Win32
		{321ACF90-C963-4E14-9FB8-949B9724063F}.Debug|x64.ActiveCfg = Debug|x64
		{321ACF90-C963-4E14-9FB8-949B9724063F}.Debug|x64.Build.0 = Debug|x64
		{321ACF90-C963-4E14-9FB8-949B9724063F}.Debug|x86.ActiveCfg = Debug|Win32
		{321ACF90-C963-4E14-9FB8-949B9724063F}.Debug|x86.Build.0 = Debug|Win32
		{321ACF90-C963-4E14-9FB8-949B9724063F}.Release|x64.ActiveCfg = Release|x64
		{321ACF90-C963-4E14-9FB8-949B9724063F}.Release|x64.Build.0 = Release|x64
		{321ACF90-C963-4E14-9FB8-949B9724063F}.Release|x86.ActiveCfg = Release|Win32
		{321ACF90-C963-4E14-9FB8-949B9724063F}.Release|x86.Build.0 = Release|Win32
		{56B21877-A09B-4452-9DE9-D718DC1F1B2A}.Debug|x64.ActiveCfg = Debug|x64
		{56B21877-A09B-4452-9DE9-D718DC1F1B2A}.Debug|x64.Build.0 = Debug|x64
		{56B21877-A09B-4452-9DE9-D718DC1F1B2A}.Debug|x86.ActiveCfg = Debug|Win32
		{56B21877-A09B-4452-9DE9-D718DC1F1B2A}.Debug|x86.Build.0 = Debug|Win32
		{56B21877-A09B-4452-9DE9-D718DC1F1B2A}.Release|x64.ActiveCfg = Release|x64
		{56B21877-A09B-4452-9DE9-D718DC1F1B2A}.Release|x64.Build.0 = Release|x64
		{56B21877-A09B-4452-9DE9-D718DC1F1B2A}.Release|x86.ActiveCfg = Release|Win32
		{56B21877-A09B-4452-9DE9-D718DC1F1B2A}.Release|x86.Build.0 = Release|Win32
		{6B7626D2-DB90-4386-BB96-73DA0E2EA16F}.Debug|x64.ActiveCfg = Debug|x64
		{6B7626D2-DB90-4386-BB96-73DA0E2EA16F}.Debug|x64.Build.0 = Debug|x64
		{6B7626D2-DB90-4386-BB96-73DA0E2EA16F}.Debug|x86.ActiveCfg = Debug|Win32
		{6B7626D2-DB90-4386-BB96-73DA0E2EA16F}.Debug|x86.Build.0 = Debug|Win32
		{6B7626D2-DB90-4386-BB96-73DA0E2EA16F}.Release|x64.ActiveCfg = Release|x64
		{6B7626D2-DB90-4386-BB96-73DA0E2EA16F}.Release|x64.Build.0 = Release|x64
		{6B7626D2-DB90-4386-BB96-73DA0E2EA16F}.Release|x86.ActiveCfg = Release|Win32
		{6B7626D2-DB90-4386-BB96-73DA0E2EA16F}.Release|x86.Build.0 = Release|Win32
		{74185BA2-B4E0-4C1E-A57E-0E033E08536C}.Debug|x64.ActiveCfg = Debug|x64
		{74185BA2-B4E0-4C1E-A57E-0E033E08536C}.Debug|x64.Build.0 = Debug|x64
		{74185BA2-B4E0-4C1E-A57E-0E033E08536C}.Debug|x86.ActiveCfg = Debug|Win32
		{74185BA2-B4E0-4C1E-A57E-0E033E08536C}.Debug|x86.Build.0 = Debug|Win32
		{74185BA2-B4E0-4C1E-A57E-0E033E08536C}.Release|x64.ActiveCfg = Release|x64
		{74185BA2-B4E0-4C1E-A57E-0E033E08536C}.Release|x64.Build.0 = Release|x64
		{74185BA2-B4E0-4C1E-A57E-0E033E08536C}.Release|x86.ActiveCfg = Release|Win32
		{74185BA2-B4E0-4C1E-A57E-0E033E08536C}.Release|x86.Build.0 = Release|Win32
	EndGlobalSection
	GlobalSection(SolutionProperties) = preSolution
		HideSolutionNode = FALSE
	EndGlobalSection
	GlobalSection(NestedProjects) = preSolution
		{7BA31446-E543-46E7-A7DE-A441FBAB82F8} = {F3E2E8AE-22F3-4CEB-BAFE-B83E97AC4829}
		{A1C2EB71-D752-44A2-A87C-CD90BB65DD36} = {F3E2E8AE-22F3-4CEB-BAFE-B83E97AC4829}
		{D1550A47-5591-4A8E-9613-74766C6721F2} = {F3E2E8AE-22F3-4CEB-BAFE-B83E97AC4829}
		{99A95CFF-9CB1-4719-B331-CCCF7C878BAF} = {F3E2E8AE-22F3-4CEB-BAFE-B83E97AC4829}
		{47CA7288-18B7-4B99-BEF6-538F5AE14CC9} = {F3E2E8AE-22F3-4CEB-BAFE-B83E97AC4829}
		{3BB06810-8286-4C95-9490-600511A09118} = {F3E2E8AE-22F3-4CEB-BAFE-B83E97AC4829}
		{5A4F3325-A666-43A6-946A-C4715A8D1E45} = {F3E2E8AE-22F3-4CEB-BAFE-B83E97AC4829}
		{321ACF90-C963-4E14-9FB8-949B9724063F} = {F3E2E8AE-22F3-4CEB-BAFE-B83E97AC4829}
		{56B21877-A09B-4452-9DE9-D718DC1F1B2A} = {F3E2E8AE-22F3-4CEB-BAFE-B83E97AC4829}
		{6B7626D2-DB90-4386-BB96-73DA0E2EA16F} = {F3E2E8AE-22F3-4CEB-BAFE-B83E97AC4829}
		{74185BA2-B4E0-4C1E-A57E-0E033E08536C} = {F3E2E8AE-22F3-4CEB-BAFE-B83E97AC4829}
	EndGlobalSection
	GlobalSection(ExtensibilityGlobals) = postSolution
		SolutionGuid = {3DD5C8F1-8C95-45D7-84FD-2292F1B15AD8}
	EndGlobalSection
EndGlobal
